
Microsoft Visual Studio Solution File, Format Version 12.00
# Visual Studio 15
VisualStudioVersion = 15.0.27004.2010
MinimumVisualStudioVersion = 10.0.40219.1
Project("{FAE04EC0-301F-11D3-BF4B-00C04F79EFBC}") = "SimpleNative.Android", "SimpleNative\SimpleNative.Android\SimpleNative.Android.csproj", "{016A9611-B009-4D66-948E-AF6E5B1D55DE}"
EndProject
Project("{FAE04EC0-301F-11D3-BF4B-00C04F79EFBC}") = "SimpleNative.iOS", "SimpleNative\SimpleNative.iOS\SimpleNative.iOS.csproj", "{21EFA751-37AB-4108-838E-CD0691A72041}"
EndProject
Project("{FAE04EC0-301F-11D3-BF4B-00C04F79EFBC}") = "SimpleNative.UWP", "SimpleNative\SimpleNative.UWP\SimpleNative.UWP.csproj", "{66724017-F600-4042-ACA9-1ACBAFA61B3E}"
EndProject
Project("{FAE04EC0-301F-11D3-BF4B-00C04F79EFBC}") = "SimpleNative", "SimpleNative\SimpleNative\SimpleNative.csproj", "{F197C3A9-9B07-4125-BC9D-156DB064BC0D}"
EndProject
Project("{2150E333-8FDC-42A3-9474-1A3956D46DE8}") = "Mudan", "Mudan", "{866B6676-9BA8-4960-8FC5-231ACA3DD222}"
EndProject
Project("{9A19103F-16F7-4668-BE54-9A1E7A4F7556}") = "Mudan", "..\..\Mudan\Mudan\Mudan.csproj", "{FEE7AEF5-4A37-42EF-9507-209EAAB4216A}"
EndProject
Project("{FAE04EC0-301F-11D3-BF4B-00C04F79EFBC}") = "Mudan.Android", "..\..\Mudan\Mudan.Android\Mudan.Android.csproj", "{DDB2F9A7-5794-48C9-A0B8-C568D1361CE4}"
EndProject
Project("{FAE04EC0-301F-11D3-BF4B-00C04F79EFBC}") = "Mudan.iOS", "..\..\Mudan\Mudan.iOS\Mudan.iOS.csproj", "{C1795D44-B6AA-4EEA-B4E3-22B1CE3D0059}"
EndProject
Project("{FAE04EC0-301F-11D3-BF4B-00C04F79EFBC}") = "Mudan.UWP", "..\..\Mudan\Mudan.UWP\Mudan.UWP.csproj", "{34FCA27D-5C8E-467C-B9D3-73FF4734F942}"
EndProject
Global
	GlobalSection(SolutionConfigurationPlatforms) = preSolution
		Debug|Any CPU = Debug|Any CPU
		Debug|ARM = Debug|ARM
		Debug|iPhone = Debug|iPhone
		Debug|iPhoneSimulator = Debug|iPhoneSimulator
		Debug|x64 = Debug|x64
		Debug|x86 = Debug|x86
		Release|Any CPU = Release|Any CPU
		Release|ARM = Release|ARM
		Release|iPhone = Release|iPhone
		Release|iPhoneSimulator = Release|iPhoneSimulator
		Release|x64 = Release|x64
		Release|x86 = Release|x86
	EndGlobalSection
	GlobalSection(ProjectConfigurationPlatforms) = postSolution
		{016A9611-B009-4D66-948E-AF6E5B1D55DE}.Debug|Any CPU.ActiveCfg = Debug|Any CPU
		{016A9611-B009-4D66-948E-AF6E5B1D55DE}.Debug|Any CPU.Build.0 = Debug|Any CPU
		{016A9611-B009-4D66-948E-AF6E5B1D55DE}.Debug|Any CPU.Deploy.0 = Debug|Any CPU
		{016A9611-B009-4D66-948E-AF6E5B1D55DE}.Debug|ARM.ActiveCfg = Debug|Any CPU
		{016A9611-B009-4D66-948E-AF6E5B1D55DE}.Debug|ARM.Build.0 = Debug|Any CPU
		{016A9611-B009-4D66-948E-AF6E5B1D55DE}.Debug|ARM.Deploy.0 = Debug|Any CPU
		{016A9611-B009-4D66-948E-AF6E5B1D55DE}.Debug|iPhone.ActiveCfg = Debug|Any CPU
		{016A9611-B009-4D66-948E-AF6E5B1D55DE}.Debug|iPhone.Build.0 = Debug|Any CPU
		{016A9611-B009-4D66-948E-AF6E5B1D55DE}.Debug|iPhone.Deploy.0 = Debug|Any CPU
		{016A9611-B009-4D66-948E-AF6E5B1D55DE}.Debug|iPhoneSimulator.ActiveCfg = Debug|Any CPU
		{016A9611-B009-4D66-948E-AF6E5B1D55DE}.Debug|iPhoneSimulator.Build.0 = Debug|Any CPU
		{016A9611-B009-4D66-948E-AF6E5B1D55DE}.Debug|iPhoneSimulator.Deploy.0 = Debug|Any CPU
		{016A9611-B009-4D66-948E-AF6E5B1D55DE}.Debug|x64.ActiveCfg = Debug|Any CPU
		{016A9611-B009-4D66-948E-AF6E5B1D55DE}.Debug|x64.Build.0 = Debug|Any CPU
		{016A9611-B009-4D66-948E-AF6E5B1D55DE}.Debug|x64.Deploy.0 = Debug|Any CPU
		{016A9611-B009-4D66-948E-AF6E5B1D55DE}.Debug|x86.ActiveCfg = Debug|Any CPU
		{016A9611-B009-4D66-948E-AF6E5B1D55DE}.Debug|x86.Build.0 = Debug|Any CPU
		{016A9611-B009-4D66-948E-AF6E5B1D55DE}.Debug|x86.Deploy.0 = Debug|Any CPU
		{016A9611-B009-4D66-948E-AF6E5B1D55DE}.Release|Any CPU.ActiveCfg = Release|Any CPU
		{016A9611-B009-4D66-948E-AF6E5B1D55DE}.Release|Any CPU.Build.0 = Release|Any CPU
		{016A9611-B009-4D66-948E-AF6E5B1D55DE}.Release|Any CPU.Deploy.0 = Release|Any CPU
		{016A9611-B009-4D66-948E-AF6E5B1D55DE}.Release|ARM.ActiveCfg = Release|Any CPU
		{016A9611-B009-4D66-948E-AF6E5B1D55DE}.Release|ARM.Build.0 = Release|Any CPU
		{016A9611-B009-4D66-948E-AF6E5B1D55DE}.Release|ARM.Deploy.0 = Release|Any CPU
		{016A9611-B009-4D66-948E-AF6E5B1D55DE}.Release|iPhone.ActiveCfg = Release|Any CPU
		{016A9611-B009-4D66-948E-AF6E5B1D55DE}.Release|iPhone.Build.0 = Release|Any CPU
		{016A9611-B009-4D66-948E-AF6E5B1D55DE}.Release|iPhone.Deploy.0 = Release|Any CPU
		{016A9611-B009-4D66-948E-AF6E5B1D55DE}.Release|iPhoneSimulator.ActiveCfg = Release|Any CPU
		{016A9611-B009-4D66-948E-AF6E5B1D55DE}.Release|iPhoneSimulator.Build.0 = Release|Any CPU
		{016A9611-B009-4D66-948E-AF6E5B1D55DE}.Release|iPhoneSimulator.Deploy.0 = Release|Any CPU
		{016A9611-B009-4D66-948E-AF6E5B1D55DE}.Release|x64.ActiveCfg = Release|Any CPU
		{016A9611-B009-4D66-948E-AF6E5B1D55DE}.Release|x64.Build.0 = Release|Any CPU
		{016A9611-B009-4D66-948E-AF6E5B1D55DE}.Release|x64.Deploy.0 = Release|Any CPU
		{016A9611-B009-4D66-948E-AF6E5B1D55DE}.Release|x86.ActiveCfg = Release|Any CPU
		{016A9611-B009-4D66-948E-AF6E5B1D55DE}.Release|x86.Build.0 = Release|Any CPU
		{016A9611-B009-4D66-948E-AF6E5B1D55DE}.Release|x86.Deploy.0 = Release|Any CPU
		{21EFA751-37AB-4108-838E-CD0691A72041}.Debug|Any CPU.ActiveCfg = Debug|iPhoneSimulator
		{21EFA751-37AB-4108-838E-CD0691A72041}.Debug|ARM.ActiveCfg = Debug|iPhone
		{21EFA751-37AB-4108-838E-CD0691A72041}.Debug|iPhone.ActiveCfg = Debug|iPhone
		{21EFA751-37AB-4108-838E-CD0691A72041}.Debug|iPhone.Build.0 = Debug|iPhone
		{21EFA751-37AB-4108-838E-CD0691A72041}.Debug|iPhoneSimulator.ActiveCfg = Debug|iPhoneSimulator
		{21EFA751-37AB-4108-838E-CD0691A72041}.Debug|iPhoneSimulator.Build.0 = Debug|iPhoneSimulator
		{21EFA751-37AB-4108-838E-CD0691A72041}.Debug|x64.ActiveCfg = Debug|iPhone
		{21EFA751-37AB-4108-838E-CD0691A72041}.Debug|x86.ActiveCfg = Debug|iPhone
		{21EFA751-37AB-4108-838E-CD0691A72041}.Release|Any CPU.ActiveCfg = Release|iPhoneSimulator
		{21EFA751-37AB-4108-838E-CD0691A72041}.Release|ARM.ActiveCfg = Release|iPhone
		{21EFA751-37AB-4108-838E-CD0691A72041}.Release|iPhone.ActiveCfg = Release|iPhone
		{21EFA751-37AB-4108-838E-CD0691A72041}.Release|iPhone.Build.0 = Release|iPhone
		{21EFA751-37AB-4108-838E-CD0691A72041}.Release|iPhoneSimulator.ActiveCfg = Release|iPhoneSimulator
		{21EFA751-37AB-4108-838E-CD0691A72041}.Release|iPhoneSimulator.Build.0 = Release|iPhoneSimulator
		{21EFA751-37AB-4108-838E-CD0691A72041}.Release|x64.ActiveCfg = Release|iPhone
		{21EFA751-37AB-4108-838E-CD0691A72041}.Release|x86.ActiveCfg = Release|iPhone
		{66724017-F600-4042-ACA9-1ACBAFA61B3E}.Debug|Any CPU.ActiveCfg = Debug|x86
		{66724017-F600-4042-ACA9-1ACBAFA61B3E}.Debug|ARM.ActiveCfg = Debug|ARM
		{66724017-F600-4042-ACA9-1ACBAFA61B3E}.Debug|ARM.Build.0 = Debug|ARM
		{66724017-F600-4042-ACA9-1ACBAFA61B3E}.Debug|ARM.Deploy.0 = Debug|ARM
		{66724017-F600-4042-ACA9-1ACBAFA61B3E}.Debug|iPhone.ActiveCfg = Debug|x86
		{66724017-F600-4042-ACA9-1ACBAFA61B3E}.Debug|iPhoneSimulator.ActiveCfg = Debug|x86
		{66724017-F600-4042-ACA9-1ACBAFA61B3E}.Debug|x64.ActiveCfg = Debug|x64
		{66724017-F600-4042-ACA9-1ACBAFA61B3E}.Debug|x64.Build.0 = Debug|x64
		{66724017-F600-4042-ACA9-1ACBAFA61B3E}.Debug|x64.Deploy.0 = Debug|x64
		{66724017-F600-4042-ACA9-1ACBAFA61B3E}.Debug|x86.ActiveCfg = Debug|x86
		{66724017-F600-4042-ACA9-1ACBAFA61B3E}.Debug|x86.Build.0 = Debug|x86
		{66724017-F600-4042-ACA9-1ACBAFA61B3E}.Debug|x86.Deploy.0 = Debug|x86
		{66724017-F600-4042-ACA9-1ACBAFA61B3E}.Release|Any CPU.ActiveCfg = Release|x86
		{66724017-F600-4042-ACA9-1ACBAFA61B3E}.Release|ARM.ActiveCfg = Release|ARM
		{66724017-F600-4042-ACA9-1ACBAFA61B3E}.Release|ARM.Build.0 = Release|ARM
		{66724017-F600-4042-ACA9-1ACBAFA61B3E}.Release|ARM.Deploy.0 = Release|ARM
		{66724017-F600-4042-ACA9-1ACBAFA61B3E}.Release|iPhone.ActiveCfg = Release|x86
		{66724017-F600-4042-ACA9-1ACBAFA61B3E}.Release|iPhoneSimulator.ActiveCfg = Release|x86
		{66724017-F600-4042-ACA9-1ACBAFA61B3E}.Release|x64.ActiveCfg = Release|x64
		{66724017-F600-4042-ACA9-1ACBAFA61B3E}.Release|x64.Build.0 = Release|x64
		{66724017-F600-4042-ACA9-1ACBAFA61B3E}.Release|x64.Deploy.0 = Release|x64
		{66724017-F600-4042-ACA9-1ACBAFA61B3E}.Release|x86.ActiveCfg = Release|x86
		{66724017-F600-4042-ACA9-1ACBAFA61B3E}.Release|x86.Build.0 = Release|x86
		{66724017-F600-4042-ACA9-1ACBAFA61B3E}.Release|x86.Deploy.0 = Release|x86
		{F197C3A9-9B07-4125-BC9D-156DB064BC0D}.Debug|Any CPU.ActiveCfg = Debug|Any CPU
		{F197C3A9-9B07-4125-BC9D-156DB064BC0D}.Debug|Any CPU.Build.0 = Debug|Any CPU
		{F197C3A9-9B07-4125-BC9D-156DB064BC0D}.Debug|ARM.ActiveCfg = Debug|Any CPU
		{F197C3A9-9B07-4125-BC9D-156DB064BC0D}.Debug|ARM.Build.0 = Debug|Any CPU
		{F197C3A9-9B07-4125-BC9D-156DB064BC0D}.Debug|iPhone.ActiveCfg = Debug|Any CPU
		{F197C3A9-9B07-4125-BC9D-156DB064BC0D}.Debug|iPhone.Build.0 = Debug|Any CPU
		{F197C3A9-9B07-4125-BC9D-156DB064BC0D}.Debug|iPhoneSimulator.ActiveCfg = Debug|Any CPU
		{F197C3A9-9B07-4125-BC9D-156DB064BC0D}.Debug|iPhoneSimulator.Build.0 = Debug|Any CPU
		{F197C3A9-9B07-4125-BC9D-156DB064BC0D}.Debug|x64.ActiveCfg = Debug|Any CPU
		{F197C3A9-9B07-4125-BC9D-156DB064BC0D}.Debug|x64.Build.0 = Debug|Any CPU
		{F197C3A9-9B07-4125-BC9D-156DB064BC0D}.Debug|x86.ActiveCfg = Debug|Any CPU
		{F197C3A9-9B07-4125-BC9D-156DB064BC0D}.Debug|x86.Build.0 = Debug|Any CPU
		{F197C3A9-9B07-4125-BC9D-156DB064BC0D}.Release|Any CPU.ActiveCfg = Release|Any CPU
		{F197C3A9-9B07-4125-BC9D-156DB064BC0D}.Release|Any CPU.Build.0 = Release|Any CPU
		{F197C3A9-9B07-4125-BC9D-156DB064BC0D}.Release|ARM.ActiveCfg = Release|Any CPU
		{F197C3A9-9B07-4125-BC9D-156DB064BC0D}.Release|ARM.Build.0 = Release|Any CPU
		{F197C3A9-9B07-4125-BC9D-156DB064BC0D}.Release|iPhone.ActiveCfg = Release|Any CPU
		{F197C3A9-9B07-4125-BC9D-156DB064BC0D}.Release|iPhone.Build.0 = Release|Any CPU
		{F197C3A9-9B07-4125-BC9D-156DB064BC0D}.Release|iPhoneSimulator.ActiveCfg = Release|Any CPU
		{F197C3A9-9B07-4125-BC9D-156DB064BC0D}.Release|iPhoneSimulator.Build.0 = Release|Any CPU
		{F197C3A9-9B07-4125-BC9D-156DB064BC0D}.Release|x64.ActiveCfg = Release|Any CPU
		{F197C3A9-9B07-4125-BC9D-156DB064BC0D}.Release|x64.Build.0 = Release|Any CPU
		{F197C3A9-9B07-4125-BC9D-156DB064BC0D}.Release|x86.ActiveCfg = Release|Any CPU
		{F197C3A9-9B07-4125-BC9D-156DB064BC0D}.Release|x86.Build.0 = Release|Any CPU
		{FEE7AEF5-4A37-42EF-9507-209EAAB4216A}.Debug|Any CPU.ActiveCfg = Debug|Any CPU
		{FEE7AEF5-4A37-42EF-9507-209EAAB4216A}.Debug|Any CPU.Build.0 = Debug|Any CPU
		{FEE7AEF5-4A37-42EF-9507-209EAAB4216A}.Debug|ARM.ActiveCfg = Debug|Any CPU
		{FEE7AEF5-4A37-42EF-9507-209EAAB4216A}.Debug|ARM.Build.0 = Debug|Any CPU
		{FEE7AEF5-4A37-42EF-9507-209EAAB4216A}.Debug|iPhone.ActiveCfg = Debug|Any CPU
		{FEE7AEF5-4A37-42EF-9507-209EAAB4216A}.Debug|iPhone.Build.0 = Debug|Any CPU
		{FEE7AEF5-4A37-42EF-9507-209EAAB4216A}.Debug|iPhoneSimulator.ActiveCfg = Debug|Any CPU
		{FEE7AEF5-4A37-42EF-9507-209EAAB4216A}.Debug|iPhoneSimulator.Build.0 = Debug|Any CPU
		{FEE7AEF5-4A37-42EF-9507-209EAAB4216A}.Debug|x64.ActiveCfg = Debug|Any CPU
		{FEE7AEF5-4A37-42EF-9507-209EAAB4216A}.Debug|x64.Build.0 = Debug|Any CPU
		{FEE7AEF5-4A37-42EF-9507-209EAAB4216A}.Debug|x86.ActiveCfg = Debug|Any CPU
		{FEE7AEF5-4A37-42EF-9507-209EAAB4216A}.Debug|x86.Build.0 = Debug|Any CPU
		{FEE7AEF5-4A37-42EF-9507-209EAAB4216A}.Release|Any CPU.ActiveCfg = Release|Any CPU
		{FEE7AEF5-4A37-42EF-9507-209EAAB4216A}.Release|Any CPU.Build.0 = Release|Any CPU
		{FEE7AEF5-4A37-42EF-9507-209EAAB4216A}.Release|ARM.ActiveCfg = Release|Any CPU
		{FEE7AEF5-4A37-42EF-9507-209EAAB4216A}.Release|ARM.Build.0 = Release|Any CPU
		{FEE7AEF5-4A37-42EF-9507-209EAAB4216A}.Release|iPhone.ActiveCfg = Release|Any CPU
		{FEE7AEF5-4A37-42EF-9507-209EAAB4216A}.Release|iPhone.Build.0 = Release|Any CPU
		{FEE7AEF5-4A37-42EF-9507-209EAAB4216A}.Release|iPhoneSimulator.ActiveCfg = Release|Any CPU
		{FEE7AEF5-4A37-42EF-9507-209EAAB4216A}.Release|iPhoneSimulator.Build.0 = Release|Any CPU
		{FEE7AEF5-4A37-42EF-9507-209EAAB4216A}.Release|x64.ActiveCfg = Release|Any CPU
		{FEE7AEF5-4A37-42EF-9507-209EAAB4216A}.Release|x64.Build.0 = Release|Any CPU
		{FEE7AEF5-4A37-42EF-9507-209EAAB4216A}.Release|x86.ActiveCfg = Release|Any CPU
		{FEE7AEF5-4A37-42EF-9507-209EAAB4216A}.Release|x86.Build.0 = Release|Any CPU
		{DDB2F9A7-5794-48C9-A0B8-C568D1361CE4}.Debug|Any CPU.ActiveCfg = Debug|Any CPU
		{DDB2F9A7-5794-48C9-A0B8-C568D1361CE4}.Debug|Any CPU.Build.0 = Debug|Any CPU
		{DDB2F9A7-5794-48C9-A0B8-C568D1361CE4}.Debug|ARM.ActiveCfg = Debug|Any CPU
		{DDB2F9A7-5794-48C9-A0B8-C568D1361CE4}.Debug|ARM.Build.0 = Debug|Any CPU
		{DDB2F9A7-5794-48C9-A0B8-C568D1361CE4}.Debug|iPhone.ActiveCfg = Debug|Any CPU
		{DDB2F9A7-5794-48C9-A0B8-C568D1361CE4}.Debug|iPhone.Build.0 = Debug|Any CPU
		{DDB2F9A7-5794-48C9-A0B8-C568D1361CE4}.Debug|iPhoneSimulator.ActiveCfg = Debug|Any CPU
		{DDB2F9A7-5794-48C9-A0B8-C568D1361CE4}.Debug|iPhoneSimulator.Build.0 = Debug|Any CPU
		{DDB2F9A7-5794-48C9-A0B8-C568D1361CE4}.Debug|x64.ActiveCfg = Debug|Any CPU
		{DDB2F9A7-5794-48C9-A0B8-C568D1361CE4}.Debug|x64.Build.0 = Debug|Any CPU
		{DDB2F9A7-5794-48C9-A0B8-C568D1361CE4}.Debug|x86.ActiveCfg = Debug|Any CPU
		{DDB2F9A7-5794-48C9-A0B8-C568D1361CE4}.Debug|x86.Build.0 = Debug|Any CPU
		{DDB2F9A7-5794-48C9-A0B8-C568D1361CE4}.Release|Any CPU.ActiveCfg = Release|Any CPU
		{DDB2F9A7-5794-48C9-A0B8-C568D1361CE4}.Release|Any CPU.Build.0 = Release|Any CPU
		{DDB2F9A7-5794-48C9-A0B8-C568D1361CE4}.Release|ARM.ActiveCfg = Release|Any CPU
		{DDB2F9A7-5794-48C9-A0B8-C568D1361CE4}.Release|ARM.Build.0 = Release|Any CPU
		{DDB2F9A7-5794-48C9-A0B8-C568D1361CE4}.Release|iPhone.ActiveCfg = Release|Any CPU
		{DDB2F9A7-5794-48C9-A0B8-C568D1361CE4}.Release|iPhone.Build.0 = Release|Any CPU
		{DDB2F9A7-5794-48C9-A0B8-C568D1361CE4}.Release|iPhoneSimulator.ActiveCfg = Release|Any CPU
		{DDB2F9A7-5794-48C9-A0B8-C568D1361CE4}.Release|iPhoneSimulator.Build.0 = Release|Any CPU
		{DDB2F9A7-5794-48C9-A0B8-C568D1361CE4}.Release|x64.ActiveCfg = Release|Any CPU
		{DDB2F9A7-5794-48C9-A0B8-C568D1361CE4}.Release|x64.Build.0 = Release|Any CPU
		{DDB2F9A7-5794-48C9-A0B8-C568D1361CE4}.Release|x86.ActiveCfg = Release|Any CPU
		{DDB2F9A7-5794-48C9-A0B8-C568D1361CE4}.Release|x86.Build.0 = Release|Any CPU
		{C1795D44-B6AA-4EEA-B4E3-22B1CE3D0059}.Debug|Any CPU.ActiveCfg = Debug|Any CPU
		{C1795D44-B6AA-4EEA-B4E3-22B1CE3D0059}.Debug|Any CPU.Build.0 = Debug|Any CPU
		{C1795D44-B6AA-4EEA-B4E3-22B1CE3D0059}.Debug|ARM.ActiveCfg = Debug|Any CPU
		{C1795D44-B6AA-4EEA-B4E3-22B1CE3D0059}.Debug|ARM.Build.0 = Debug|Any CPU
		{C1795D44-B6AA-4EEA-B4E3-22B1CE3D0059}.Debug|iPhone.ActiveCfg = Debug|Any CPU
		{C1795D44-B6AA-4EEA-B4E3-22B1CE3D0059}.Debug|iPhone.Build.0 = Debug|Any CPU
		{C1795D44-B6AA-4EEA-B4E3-22B1CE3D0059}.Debug|iPhoneSimulator.ActiveCfg = Debug|Any CPU
		{C1795D44-B6AA-4EEA-B4E3-22B1CE3D0059}.Debug|iPhoneSimulator.Build.0 = Debug|Any CPU
		{C1795D44-B6AA-4EEA-B4E3-22B1CE3D0059}.Debug|x64.ActiveCfg = Debug|Any CPU
		{C1795D44-B6AA-4EEA-B4E3-22B1CE3D0059}.Debug|x64.Build.0 = Debug|Any CPU
		{C1795D44-B6AA-4EEA-B4E3-22B1CE3D0059}.Debug|x86.ActiveCfg = Debug|Any CPU
		{C1795D44-B6AA-4EEA-B4E3-22B1CE3D0059}.Debug|x86.Build.0 = Debug|Any CPU
		{C1795D44-B6AA-4EEA-B4E3-22B1CE3D0059}.Release|Any CPU.ActiveCfg = Release|Any CPU
		{C1795D44-B6AA-4EEA-B4E3-22B1CE3D0059}.Release|Any CPU.Build.0 = Release|Any CPU
		{C1795D44-B6AA-4EEA-B4E3-22B1CE3D0059}.Release|ARM.ActiveCfg = Release|Any CPU
		{C1795D44-B6AA-4EEA-B4E3-22B1CE3D0059}.Release|ARM.Build.0 = Release|Any CPU
		{C1795D44-B6AA-4EEA-B4E3-22B1CE3D0059}.Release|iPhone.ActiveCfg = Release|Any CPU
		{C1795D44-B6AA-4EEA-B4E3-22B1CE3D0059}.Release|iPhone.Build.0 = Release|Any CPU
		{C1795D44-B6AA-4EEA-B4E3-22B1CE3D0059}.Release|iPhoneSimulator.ActiveCfg = Release|Any CPU
		{C1795D44-B6AA-4EEA-B4E3-22B1CE3D0059}.Release|iPhoneSimulator.Build.0 = Release|Any CPU
		{C1795D44-B6AA-4EEA-B4E3-22B1CE3D0059}.Release|x64.ActiveCfg = Release|Any CPU
		{C1795D44-B6AA-4EEA-B4E3-22B1CE3D0059}.Release|x64.Build.0 = Release|Any CPU
		{C1795D44-B6AA-4EEA-B4E3-22B1CE3D0059}.Release|x86.ActiveCfg = Release|Any CPU
		{C1795D44-B6AA-4EEA-B4E3-22B1CE3D0059}.Release|x86.Build.0 = Release|Any CPU
		{34FCA27D-5C8E-467C-B9D3-73FF4734F942}.Debug|Any CPU.ActiveCfg = Debug|Any CPU
		{34FCA27D-5C8E-467C-B9D3-73FF4734F942}.Debug|Any CPU.Build.0 = Debug|Any CPU
		{34FCA27D-5C8E-467C-B9D3-73FF4734F942}.Debug|ARM.ActiveCfg = Debug|ARM
		{34FCA27D-5C8E-467C-B9D3-73FF4734F942}.Debug|ARM.Build.0 = Debug|ARM
		{34FCA27D-5C8E-467C-B9D3-73FF4734F942}.Debug|iPhone.ActiveCfg = Debug|Any CPU
		{34FCA27D-5C8E-467C-B9D3-73FF4734F942}.Debug|iPhone.Build.0 = Debug|Any CPU
		{34FCA27D-5C8E-467C-B9D3-73FF4734F942}.Debug|iPhoneSimulator.ActiveCfg = Debug|Any CPU
		{34FCA27D-5C8E-467C-B9D3-73FF4734F942}.Debug|iPhoneSimulator.Build.0 = Debug|Any CPU
		{34FCA27D-5C8E-467C-B9D3-73FF4734F942}.Debug|x64.ActiveCfg = Debug|x64
		{34FCA27D-5C8E-467C-B9D3-73FF4734F942}.Debug|x64.Build.0 = Debug|x64
		{34FCA27D-5C8E-467C-B9D3-73FF4734F942}.Debug|x86.ActiveCfg = Debug|x86
		{34FCA27D-5C8E-467C-B9D3-73FF4734F942}.Debug|x86.Build.0 = Debug|x86
		{34FCA27D-5C8E-467C-B9D3-73FF4734F942}.Release|Any CPU.ActiveCfg = Release|Any CPU
		{34FCA27D-5C8E-467C-B9D3-73FF4734F942}.Release|Any CPU.Build.0 = Release|Any CPU
		{34FCA27D-5C8E-467C-B9D3-73FF4734F942}.Release|ARM.ActiveCfg = Release|ARM
		{34FCA27D-5C8E-467C-B9D3-73FF4734F942}.Release|ARM.Build.0 = Release|ARM
		{34FCA27D-5C8E-467C-B9D3-73FF4734F942}.Release|iPhone.ActiveCfg = Release|Any CPU
		{34FCA27D-5C8E-467C-B9D3-73FF4734F942}.Release|iPhone.Build.0 = Release|Any CPU
		{34FCA27D-5C8E-467C-B9D3-73FF4734F942}.Release|iPhoneSimulator.ActiveCfg = Release|Any CPU
		{34FCA27D-5C8E-467C-B9D3-73FF4734F942}.Release|iPhoneSimulator.Build.0 = Release|Any CPU
		{34FCA27D-5C8E-467C-B9D3-73FF4734F942}.Release|x64.ActiveCfg = Release|x64
		{34FCA27D-5C8E-467C-B9D3-73FF4734F942}.Release|x64.Build.0 = Release|x64
		{34FCA27D-5C8E-467C-B9D3-73FF4734F942}.Release|x86.ActiveCfg = Release|x86
		{34FCA27D-5C8E-467C-B9D3-73FF4734F942}.Release|x86.Build.0 = Release|x86
	EndGlobalSection
	GlobalSection(SolutionProperties) = preSolution
		HideSolutionNode = FALSE
	EndGlobalSection
	GlobalSection(NestedProjects) = preSolution
		{FEE7AEF5-4A37-42EF-9507-209EAAB4216A} = {866B6676-9BA8-4960-8FC5-231ACA3DD222}
		{DDB2F9A7-5794-48C9-A0B8-C568D1361CE4} = {866B6676-9BA8-4960-8FC5-231ACA3DD222}
		{C1795D44-B6AA-4EEA-B4E3-22B1CE3D0059} = {866B6676-9BA8-4960-8FC5-231ACA3DD222}
		{34FCA27D-5C8E-467C-B9D3-73FF4734F942} = {866B6676-9BA8-4960-8FC5-231ACA3DD222}
	EndGlobalSection
	GlobalSection(ExtensibilityGlobals) = postSolution
		SolutionGuid = {088C28DF-D7A3-48E8-B36B-6E2610282140}
	EndGlobalSection
EndGlobal
